
Microsoft Visual Studio Solution File, Format Version 12.00
# Visual Studio 15
VisualStudioVersion = 15.0.27130.2024
MinimumVisualStudioVersion = 10.0.40219.1
Project("{FAE04EC0-301F-11D3-BF4B-00C04F79EFBC}") = "ConsoleTest", "ConsoleTest\ConsoleTest.csproj", "{038FD6D5-A7F7-4D49-889D-6B07C545667B}"
EndProject
Global
	GlobalSection(SolutionConfigurationPlatforms) = preSolution
		Debug|Any CPU = Debug|Any CPU
		Release|Any CPU = Release|Any CPU
	EndGlobalSection
	GlobalSection(ProjectConfigurationPlatforms) = postSolution
		{038FD6D5-A7F7-4D49-889D-6B07C545667B}.Debug|Any CPU.ActiveCfg = Debug|Any CPU
		{038FD6D5-A7F7-4D49-889D-6B07C545667B}.Debug|Any CPU.Build.0 = Debug|Any CPU
		{038FD6D5-A7F7-4D49-889D-6B07C545667B}.Release|Any CPU.ActiveCfg = Release|Any CPU
		{038FD6D5-A7F7-4D49-889D-6B07C545667B}.Release|Any CPU.Build.0 = Release|Any CPU
	EndGlobalSection
	GlobalSection(SolutionProperties) = preSolution
		HideSolutionNode = FALSE
	EndGlobalSection
	GlobalSection(ExtensibilityGlobals) = postSolution
		SolutionGuid = {C77FF783-5F65-4AA4-832B-C1DE3C4B17E0}
	EndGlobalSection
EndGlobal
