
Microsoft Visual Studio Solution File, Format Version 12.00
# Visual Studio 15
VisualStudioVersion = 15.0.27703.2000
MinimumVisualStudioVersion = 10.0.40219.1
Project("{FAE04EC0-301F-11D3-BF4B-00C04F79EFBC}") = "arrayAssign", "arrayAssign\arrayAssign.csproj", "{EE72DD34-4F04-410B-868B-3E4F45362AF1}"
EndProject
Global
	GlobalSection(SolutionConfigurationPlatforms) = preSolution
		Debug|Any CPU = Debug|Any CPU
		Release|Any CPU = Release|Any CPU
	EndGlobalSection
	GlobalSection(ProjectConfigurationPlatforms) = postSolution
		{EE72DD34-4F04-410B-868B-3E4F45362AF1}.Debug|Any CPU.ActiveCfg = Debug|Any CPU
		{EE72DD34-4F04-410B-868B-3E4F45362AF1}.Debug|Any CPU.Build.0 = Debug|Any CPU
		{EE72DD34-4F04-410B-868B-3E4F45362AF1}.Release|Any CPU.ActiveCfg = Release|Any CPU
		{EE72DD34-4F04-410B-868B-3E4F45362AF1}.Release|Any CPU.Build.0 = Release|Any CPU
	EndGlobalSection
	GlobalSection(SolutionProperties) = preSolution
		HideSolutionNode = FALSE
	EndGlobalSection
	GlobalSection(ExtensibilityGlobals) = postSolution
		SolutionGuid = {7FF196C0-19C5-45F6-AB76-44732039F726}
	EndGlobalSection
EndGlobal
