
Microsoft Visual Studio Solution File, Format Version 12.00
# Visual Studio 15
VisualStudioVersion = 15.0.27428.2015
MinimumVisualStudioVersion = 10.0.40219.1
Project("{FAE04EC0-301F-11D3-BF4B-00C04F79EFBC}") = "DataTypeSample41018", "DataTypeSample41018\DataTypeSample41018.csproj", "{F8890B65-9B90-46F6-B40B-B258B570B0BA}"
EndProject
Global
	GlobalSection(SolutionConfigurationPlatforms) = preSolution
		Debug|Any CPU = Debug|Any CPU
		Release|Any CPU = Release|Any CPU
	EndGlobalSection
	GlobalSection(ProjectConfigurationPlatforms) = postSolution
		{F8890B65-9B90-46F6-B40B-B258B570B0BA}.Debug|Any CPU.ActiveCfg = Debug|Any CPU
		{F8890B65-9B90-46F6-B40B-B258B570B0BA}.Debug|Any CPU.Build.0 = Debug|Any CPU
		{F8890B65-9B90-46F6-B40B-B258B570B0BA}.Release|Any CPU.ActiveCfg = Release|Any CPU
		{F8890B65-9B90-46F6-B40B-B258B570B0BA}.Release|Any CPU.Build.0 = Release|Any CPU
	EndGlobalSection
	GlobalSection(SolutionProperties) = preSolution
		HideSolutionNode = FALSE
	EndGlobalSection
	GlobalSection(ExtensibilityGlobals) = postSolution
		SolutionGuid = {66827D0A-64A9-4B55-8189-C35C3D5F08C8}
	EndGlobalSection
EndGlobal
